<?xml version="1.0" encoding="utf-8"?>
<Project ToolsVersion="4.0" xmlns="http://schemas.microsoft.com/developer/msbuild/2003">
  <ItemGroup>
    <Filter Include="Source Files">
      <UniqueIdentifier>{4FC737F1-C7A5-4376-A066-2A32D752A2FF}</UniqueIdentifier>
      <Extensions>cpp;c;cc;cxx;def;odl;idl;hpj;bat;asm;asmx</Extensions>
    </Filter>
    <Filter Include="Header Files">
      <UniqueIdentifier>{93995380-89BD-4b04-88EB-625FBE52EBFB}</UniqueIdentifier>
      <Extensions>h;hpp;hxx;hm;inl;inc;xsd</Extensions>
    </Filter>
    <Filter Include="Resource Files">
      <UniqueIdentifier>{67DA6AB6-F800-4c08-8B7A-83BB121AAD01}</UniqueIdentifier>
      <Extensions>rc;ico;cur;bmp;dlg;rc2;rct;bin;rgs;gif;jpg;jpeg;jpe;resx;tiff;tif;png;wav;mfcribbon-ms</Extensions>
    </Filter>
  </ItemGroup>
  <ItemGroup>
    <ClCompile Include="main.cpp">
      <Filter>Source Files</Filter>
    </ClCompile>
    <ClCompile Include="Input.cpp">
      <Filter>Source Files</Filter>
    </ClCompile>
    <ClCompile Include="Scene3D.cpp">
      <Filter>Source Files</Filter>
    </ClCompile>
    <ClCompile Include="Camera.cpp">
      <Filter>Source Files</Filter>
    </ClCompile>
    <ClCompile Include="cube.cpp">
      <Filter>Source Files</Filter>
    </ClCompile>
    <ClCompile Include="ModelClass.cpp">
      <Filter>Source Files</Filter>
    </ClCompile>
    <ClCompile Include="TokenStream.cpp">
      <Filter>Source Files</Filter>
    </ClCompile>
    <ClCompile Include="Vec3.cpp">
      <Filter>Source Files</Filter>
    </ClCompile>
    <ClCompile Include="Lighting.cpp">
      <Filter>Source Files</Filter>
    </ClCompile>
    <ClCompile Include="Disc.cpp">
      <Filter>Source Files</Filter>
    </ClCompile>
    <ClCompile Include="Sphere.cpp">
      <Filter>Source Files</Filter>
    </ClCompile>
    <ClCompile Include="Cylinder.cpp">
      <Filter>Source Files</Filter>
    </ClCompile>
    <ClCompile Include="ShadowsandMirrors.cpp">
      <Filter>Source Files</Filter>
    </ClCompile>
  </ItemGroup>
  <ItemGroup>
    <ClInclude Include="Input.h">
      <Filter>Header Files</Filter>
    </ClInclude>
    <ClInclude Include="Scene3D.h">
      <Filter>Header Files</Filter>
    </ClInclude>
    <ClInclude Include="Camera.h">
      <Filter>Header Files</Filter>
    </ClInclude>
    <ClInclude Include="SOIL.h">
      <Filter>Header Files</Filter>
    </ClInclude>
    <ClInclude Include="cube.h">
      <Filter>Header Files</Filter>
    </ClInclude>
    <ClInclude Include="ModelClass.h">
      <Filter>Header Files</Filter>
    </ClInclude>
    <ClInclude Include="TokenStream.h">
      <Filter>Header Files</Filter>
    </ClInclude>
    <ClInclude Include="Vec3.h">
      <Filter>Header Files</Filter>
    </ClInclude>
    <ClInclude Include="Lighting.h">
      <Filter>Header Files</Filter>
    </ClInclude>
    <ClInclude Include="Disc.h">
      <Filter>Header Files</Filter>
    </ClInclude>
    <ClInclude Include="Sphere.h">
      <Filter>Header Files</Filter>
    </ClInclude>
    <ClInclude Include="Cylinder.h">
      <Filter>Header Files</Filter>
    </ClInclude>
    <ClInclude Include="ShadowsandMirrors.h">
      <Filter>Header Files</Filter>
    </ClInclude>
  </ItemGroup>
  <ItemGroup>
    <None Include="animZombie.bmp">
      <Filter>Resource Files</Filter>
    </None>
    <None Include="black-metal-texture-textures-1071376.jpg">
      <Filter>Resource Files</Filter>
    </None>
    <None Include="crate.png">
      <Filter>Resource Files</Filter>
    </None>
    <None Include="help.bmp">
      <Filter>Resource Files</Filter>
    </None>
    <None Include="icon.bmp">
      <Filter>Resource Files</Filter>
    </None>
    <None Include="icon2.bmp">
      <Filter>Resource Files</Filter>
    </None>
    <None Include="skybox_texture2.png">
      <Filter>Resource Files</Filter>
    </None>
    <None Include="TMNT.bmp">
      <Filter>Resource Files</Filter>
    </None>
    <None Include="Untitled_Image-jpg.bmp">
      <Filter>Resource Files</Filter>
    </None>
  </ItemGroup>
  <ItemGroup>
    <Object Include="Models\Sphere.obj">
      <Filter>Resource Files</Filter>
    </Object>
    <Object Include="Models\rock01.obj">
      <Filter>Resource Files</Filter>
    </Object>
    <Object Include="Models\laptop.obj">
      <Filter>Resource Files</Filter>
    </Object>
  </ItemGroup>
</Project>